<?xml version="1.0" encoding="utf-8"?>
<Project ToolsVersion="4.0" xmlns="http://schemas.microsoft.com/developer/msbuild/2003">
  <ItemGroup>
    <Filter Include="Source Files">
      <UniqueIdentifier>{5D2236A2-DCB6-4AA4-B71B-48F9EA67EB72}</UniqueIdentifier>
      <Extensions>c;cpp;cxx</Extensions>
    </Filter>
    <Filter Include="Header Files">
      <UniqueIdentifier>{A1C9FCE4-C0D7-47AA-A0BB-900C67499017}</UniqueIdentifier>
      <Extensions>h;hpp;hxx</Extensions>
    </Filter>
    <Filter Include="Driver Package">
      <UniqueIdentifier>{31C7A8F3-8A70-4B23-8423-BF9EC2D7A783}</UniqueIdentifier>
      <Extensions>inf;inx;cat</Extensions>
    </Filter>
  </ItemGroup>
  <ItemGroup>
    <ClCompile Include="driver.c">
      <Filter>Source Files</Filter>
    </ClCompile>
  </ItemGroup>
  <ItemGroup>
    <ClInclude Include="driver.h">
      <Filter>Header Files</Filter>
    </ClInclude>
    <ClInclude Include="..\Serpium.Flow.Protocol\serpium_flow_protocol.h">
      <Filter>Header Files</Filter>
    </ClInclude>
  </ItemGroup>
  <ItemGroup>
    <Inf Include="Serpium.Flow.Driver.inf">
      <Filter>Driver Package</Filter>
    </Inf>
  </ItemGroup>
</Project>
